{
    "_meta": {
        "hash": {
            "sha256": "5694b048227d293e10326c96039753acdebff7046b43809706194002f4f2ed9a"
        },
        "pipfile-spec": 6,
        "requires": {
            "python_version": "3.7"
        },
        "sources": [
            {
                "name": "pypi",
                "url": "https://pypi.org/simple",
                "verify_ssl": true
            }
        ]
    },
    "default": {
        "nl-fsearch": {
            "editable": true,
            "path": "."
        }
    },
    "develop": {}
}
